
Microsoft Visual Studio Solution File, Format Version 12.00
# Visual Studio Version 17
VisualStudioVersion = 17.4.33213.308
MinimumVisualStudioVersion = 10.0.40219.1
Project("{9A19103F-16F7-4668-BE54-9A1E7A4F7556}") = "LinspirerAppStoreEnumerator.NET", "LinspirerAppStoreEnumerator.NET\LinspirerAppStoreEnumerator.NET.csproj", "{CE521075-8F4A-411B-916C-87014E16CA8E}"
EndProject
Project("{2150E333-8FDC-42A3-9474-1A3956D46DE8}") = "解决方案项", "解决方案项", "{43DDE3CD-BA29-4C64-9C0E-11A9D6547D02}"
	ProjectSection(SolutionItems) = preProject
		README.md = README.md
	EndProjectSection
EndProject
Global
	GlobalSection(SolutionConfigurationPlatforms) = preSolution
		Debug|Any CPU = Debug|Any CPU
		Release|Any CPU = Release|Any CPU
	EndGlobalSection
	GlobalSection(ProjectConfigurationPlatforms) = postSolution
		{CE521075-8F4A-411B-916C-87014E16CA8E}.Debug|Any CPU.ActiveCfg = Debug|Any CPU
		{CE521075-8F4A-411B-916C-87014E16CA8E}.Debug|Any CPU.Build.0 = Debug|Any CPU
		{CE521075-8F4A-411B-916C-87014E16CA8E}.Release|Any CPU.ActiveCfg = Release|Any CPU
		{CE521075-8F4A-411B-916C-87014E16CA8E}.Release|Any CPU.Build.0 = Release|Any CPU
	EndGlobalSection
	GlobalSection(SolutionProperties) = preSolution
		HideSolutionNode = FALSE
	EndGlobalSection
	GlobalSection(ExtensibilityGlobals) = postSolution
		SolutionGuid = {96FCEFC4-3E28-40A5-AD51-70AD8B51D55E}
	EndGlobalSection
EndGlobal
